
Microsoft Visual Studio Solution File, Format Version 12.00
# Visual Studio 15
VisualStudioVersion = 15.0.26730.12
MinimumVisualStudioVersion = 10.0.40219.1
Project("{8BC9CEB8-8B4A-11D0-8D11-00A0C91BC942}") = "Mel", "Mel\Mel.vcxproj", "{B32DA687-2352-411A-88D8-FCA7E128BDFC}"
EndProject
Project("{8BC9CEB8-8B4A-11D0-8D11-00A0C91BC942}") = "Testing", "Testing\Testing.vcxproj", "{2B49B3F8-5A23-4BC3-8A77-189C0B2B9671}"
	ProjectSection(ProjectDependencies) = postProject
		{B32DA687-2352-411A-88D8-FCA7E128BDFC} = {B32DA687-2352-411A-88D8-FCA7E128BDFC}
	EndProjectSection
EndProject
Global
	GlobalSection(SolutionConfigurationPlatforms) = preSolution
		Debug|x86 = Debug|x86
		Release|x86 = Release|x86
	EndGlobalSection
	GlobalSection(ProjectConfigurationPlatforms) = postSolution
		{B32DA687-2352-411A-88D8-FCA7E128BDFC}.Debug|x86.ActiveCfg = Debug|Win32
		{B32DA687-2352-411A-88D8-FCA7E128BDFC}.Debug|x86.Build.0 = Debug|Win32
		{B32DA687-2352-411A-88D8-FCA7E128BDFC}.Release|x86.ActiveCfg = Release|Win32
		{B32DA687-2352-411A-88D8-FCA7E128BDFC}.Release|x86.Build.0 = Release|Win32
		{2B49B3F8-5A23-4BC3-8A77-189C0B2B9671}.Debug|x86.ActiveCfg = Debug|Win32
		{2B49B3F8-5A23-4BC3-8A77-189C0B2B9671}.Debug|x86.Build.0 = Debug|Win32
		{2B49B3F8-5A23-4BC3-8A77-189C0B2B9671}.Release|x86.ActiveCfg = Release|Win32
		{2B49B3F8-5A23-4BC3-8A77-189C0B2B9671}.Release|x86.Build.0 = Release|Win32
	EndGlobalSection
	GlobalSection(SolutionProperties) = preSolution
		HideSolutionNode = FALSE
	EndGlobalSection
	GlobalSection(ExtensibilityGlobals) = postSolution
		SolutionGuid = {110BFB41-BF58-4AEE-8E63-4178FDDB6AC4}
	EndGlobalSection
EndGlobal
